// !$*UTF8*$!
{
	archiveVersion = 1;
	classes = {
	};
	objectVersion = 46;
	objects = {

/* Begin PBXBuildFile section */
		476237A31D48D2A200F3F336 /* AppDelegate.swift in Sources */ = {isa = PBXBuildFile; fileRef = 476237A21D48D2A200F3F336 /* AppDelegate.swift */; };
		476237A51D48D2A200F3F336 /* ViewController.swift in Sources */ = {isa = PBXBuildFile; fileRef = 476237A41D48D2A200F3F336 /* ViewController.swift */; };
		476237A81D48D2A200F3F336 /* Main.storyboard in Resources */ = {isa = PBXBuildFile; fileRef = 476237A61D48D2A200F3F336 /* Main.storyboard */; };
		476237AA1D48D2A200F3F336 /* Assets.xcassets in Resources */ = {isa = PBXBuildFile; fileRef = 476237A91D48D2A200F3F336 /* Assets.xcassets */; };
		476237AD1D48D2A200F3F336 /* LaunchScreen.storyboard in Resources */ = {isa = PBXBuildFile; fileRef = 476237AB1D48D2A200F3F336 /* LaunchScreen.storyboard */; };
		476237B61D48D39C00F3F336 /* AudioPlayer.swift in Sources */ = {isa = PBXBuildFile; fileRef = 476237B51D48D39C00F3F336 /* AudioPlayer.swift */; };
/* End PBXBuildFile section */

/* Begin PBXFileReference section */
		4762379F1D48D2A200F3F336 /* AudioPlayer.app */ = {isa = PBXFileReference; explicitFileType = wrapper.application; includeInIndex = 0; path = AudioPlayer.app; sourceTree = BUILT_PRODUCTS_DIR; };
		476237A21D48D2A200F3F336 /* AppDelegate.swift */ = {isa = PBXFileReference; lastKnownFileType = sourcecode.swift; path = AppDelegate.swift; sourceTree = "<group>"; };
		476237A41D48D2A200F3F336 /* ViewController.swift */ = {isa = PBXFileReference; lastKnownFileType = sourcecode.swift; path = ViewController.swift; sourceTree = "<group>"; };
		476237A71D48D2A200F3F336 /* Base */ = {isa = PBXFileReference; lastKnownFileType = file.storyboard; name = Base; path = Base.lproj/Main.storyboard; sourceTree = "<group>"; };
		476237A91D48D2A200F3F336 /* Assets.xcassets */ = {isa = PBXFileReference; lastKnownFileType = folder.assetcatalog; path = Assets.xcassets; sourceTree = "<group>"; };
		476237AC1D48D2A200F3F336 /* Base */ = {isa = PBXFileReference; lastKnownFileType = file.storyboard; name = Base; path = Base.lproj/LaunchScreen.storyboard; sourceTree = "<group>"; };
		476237AE1D48D2A200F3F336 /* Info.plist */ = {isa = PBXFileReference; lastKnownFileType = text.plist.xml; path = Info.plist; sourceTree = "<group>"; };
		476237B51D48D39C00F3F336 /* AudioPlayer.swift */ = {isa = PBXFileReference; fileEncoding = 4; lastKnownFileType = sourcecode.swift; path = AudioPlayer.swift; sourceTree = "<group>"; };
/* End PBXFileReference section */

/* Begin PBXFrameworksBuildPhase section */
		4762379C1D48D2A200F3F336 /* Frameworks */ = {
			isa = PBXFrameworksBuildPhase;
			buildActionMask = 2147483647;
			files = (
			);
			runOnlyForDeploymentPostprocessing = 0;
		};
/* End PBXFrameworksBuildPhase section */

/* Begin PBXGroup section */
		476237961D48D2A200F3F336 = {
			isa = PBXGroup;
			children = (
				476237A11D48D2A200F3F336 /* AudioPlayer */,
				476237A01D48D2A200F3F336 /* Products */,
			);
			sourceTree = "<group>";
		};
		476237A01D48D2A200F3F336 /* Products */ = {
			isa = PBXGroup;
			children = (
				4762379F1D48D2A200F3F336 /* AudioPlayer.app */,
			);
			name = Products;
			sourceTree = "<group>";
		};
		476237A11D48D2A200F3F336 /* AudioPlayer */ = {
			isa = PBXGroup;
			children = (
				476237B41D48D36900F3F336 /* Source */,
				476237A21D48D2A200F3F336 /* AppDelegate.swift */,
				476237A41D48D2A200F3F336 /* ViewController.swift */,
				476237A61D48D2A200F3F336 /* Main.storyboard */,
				476237A91D48D2A200F3F336 /* Assets.xcassets */,
				476237AB1D48D2A200F3F336 /* LaunchScreen.storyboard */,
				476237AE1D48D2A200F3F336 /* Info.plist */,
			);
			path = AudioPlayer;
			sourceTree = "<group>";
		};
		476237B41D48D36900F3F336 /* Source */ = {
			isa = PBXGroup;
			children = (
				476237B51D48D39C00F3F336 /* AudioPlayer.swift */,
			);
			path = Source;
			sourceTree = "<group>";
		};
/* End PBXGroup section */

/* Begin PBXNativeTarget section */
		4762379E1D48D2A200F3F336 /* AudioPlayer */ = {
			isa = PBXNativeTarget;
			buildConfigurationList = 476237B11D48D2A200F3F336 /* Build configuration list for PBXNativeTarget "AudioPlayer" */;
			buildPhases = (
				4762379B1D48D2A200F3F336 /* Sources */,
				4762379C1D48D2A200F3F336 /* Frameworks */,
				4762379D1D48D2A200F3F336 /* Resources */,
			);
			buildRules = (
			);
			dependencies = (
			);
			name = AudioPlayer;
			productName = AudioPlayer;
			productReference = 4762379F1D48D2A200F3F336 /* AudioPlayer.app */;
			productType = "com.apple.product-type.application";
		};
/* End PBXNativeTarget section */

/* Begin PBXProject section */
		476237971D48D2A200F3F336 /* Project object */ = {
			isa = PBXProject;
			attributes = {
				LastSwiftUpdateCheck = 0730;
				LastUpgradeCheck = 0730;
				ORGANIZATIONNAME = zerdzhong;
				TargetAttributes = {
					4762379E1D48D2A200F3F336 = {
						CreatedOnToolsVersion = 7.3;
					};
				};
			};
			buildConfigurationList = 4762379A1D48D2A200F3F336 /* Build configuration list for PBXProject "AudioPlayer" */;
			compatibilityVersion = "Xcode 3.2";
			developmentRegion = English;
			hasScannedForEncodings = 0;
			knownRegions = (
				en,
				Base,
			);
			mainGroup = 476237961D48D2A200F3F336;
			productRefGroup = 476237A01D48D2A200F3F336 /* Products */;
			projectDirPath = "";
			projectRoot = "";
			targets = (
				4762379E1D48D2A200F3F336 /* AudioPlayer */,
			);
		};
/* End PBXProject section */

/* Begin PBXResourcesBuildPhase section */
		4762379D1D48D2A200F3F336 /* Resources */ = {
			isa = PBXResourcesBuildPhase;
			buildActionMask = 2147483647;
			files = (
				476237AD1D48D2A200F3F336 /* LaunchScreen.storyboard in Resources */,
				476237AA1D48D2A200F3F336 /* Assets.xcassets in Resources */,
				476237A81D48D2A200F3F336 /* Main.storyboard in Resources */,
			);
			runOnlyForDeploymentPostprocessing = 0;
		};
/* End PBXResourcesBuildPhase section */

/* Begin PBXSourcesBuildPhase section */
		4762379B1D48D2A200F3F336 /* Sources */ = {
			isa = PBXSourcesBuildPhase;
			buildActionMask = 2147483647;
			files = (
				476237A51D48D2A200F3F336 /* ViewController.swift in Sources */,
				476237A31D48D2A200F3F336 /* AppDelegate.swift in Sources */,
				476237B61D48D39C00F3F336 /* AudioPlayer.swift in Sources */,
			);
			runOnlyForDeploymentPostprocessing = 0;
		};
/* End PBXSourcesBuildPhase section */

/* Begin PBXVariantGroup section */
		476237A61D48D2A200F3F336 /* Main.storyboard */ = {
			isa = PBXVariantGroup;
			children = (
				476237A71D48D2A200F3F336 /* Base */,
			);
			name = Main.storyboard;
			sourceTree = "<group>";
		};
		476237AB1D48D2A200F3F336 /* LaunchScreen.storyboard */ = {
			isa = PBXVariantGroup;
			children = (
				476237AC1D48D2A200F3F336 /* Base */,
			);
			name = LaunchScreen.storyboard;
			sourceTree = "<group>";
		};
/* End PBXVariantGroup section */

/* Begin XCBuildConfiguration section */
		476237AF1D48D2A200F3F336 /* Debug */ = {
			isa = XCBuildConfiguration;
			buildSettings = {
				ALWAYS_SEARCH_USER_PATHS = NO;
				CLANG_ANALYZER_NONNULL = YES;
				CLANG_CXX_LANGUAGE_STANDARD = "gnu++0x";
				CLANG_CXX_LIBRARY = "libc++";
				CLANG_ENABLE_MODULES = YES;
				CLANG_ENABLE_OBJC_ARC = YES;
				CLANG_WARN_BOOL_CONVERSION = YES;
				CLANG_WARN_CONSTANT_CONVERSION = YES;
				CLANG_WARN_DIRECT_OBJC_ISA_USAGE = YES_ERROR;
				CLANG_WARN_EMPTY_BODY = YES;
				CLANG_WARN_ENUM_CONVERSION = YES;
				CLANG_WARN_INT_CONVERSION = YES;
				CLANG_WARN_OBJC_ROOT_CLASS = YES_ERROR;
				CLANG_WARN_UNREACHABLE_CODE = YES;
				CLANG_WARN__DUPLICATE_METHOD_MATCH = YES;
				"CODE_SIGN_IDENTITY[sdk=iphoneos*]" = "iPhone Developer";
				COPY_PHASE_STRIP = NO;
				DEBUG_INFORMATION_FORMAT = dwarf;
				ENABLE_STRICT_OBJC_MSGSEND = YES;
				ENABLE_TESTABILITY = YES;
				GCC_C_LANGUAGE_STANDARD = gnu99;
				GCC_DYNAMIC_NO_PIC = NO;
				GCC_NO_COMMON_BLOCKS = YES;
				GCC_OPTIMIZATION_LEVEL = 0;
				GCC_PREPROCESSOR_DEFINITIONS = (
					"DEBUG=1",
					"$(inherited)",
				);
				GCC_WARN_64_TO_32_BIT_CONVERSION = YES;
				GCC_WARN_ABOUT_RETURN_TYPE = YES_ERROR;
				GCC_WARN_UNDECLARED_SELECTOR = YES;
				GCC_WARN_UNINITIALIZED_AUTOS = YES_AGGRESSIVE;
				GCC_WARN_UNUSED_FUNCTION = YES;
				GCC_WARN_UNUSED_VARIABLE = YES;
				IPHONEOS_DEPLOYMENT_TARGET = 9.3;
				MTL_ENABLE_DEBUG_INFO = YES;
				ONLY_ACTIVE_ARCH = YES;
				SDKROOT = iphoneos;
				SWIFT_OPTIMIZATION_LEVEL = "-Onone";
				TARGETED_DEVICE_FAMILY = "1,2";
			};
			name = Debug;
		};
		476237B01D48D2A200F3F336 /* Release */ = {
			isa = XCBuildConfiguration;
			buildSettings = {
				ALWAYS_SEARCH_USER_PATHS = NO;
				CLANG_ANALYZER_NONNULL = YES;
				CLANG_CXX_LANGUAGE_STANDARD = "gnu++0x";
				CLANG_CXX_LIBRARY = "libc++";
				CLANG_ENABLE_MODULES = YES;
				CLANG_ENABLE_OBJC_ARC = YES;
				CLANG_WARN_BOOL_CONVERSION = YES;
				CLANG_WARN_CONSTANT_CONVERSION = YES;
				CLANG_WARN_DIRECT_OBJC_ISA_USAGE = YES_ERROR;
				CLANG_WARN_EMPTY_BODY = YES;
				CLANG_WARN_ENUM_CONVERSION = YES;
				CLANG_WARN_INT_CONVERSION = YES;
				CLANG_WARN_OBJC_ROOT_CLASS = YES_ERROR;
				CLANG_WARN_UNREACHABLE_CODE = YES;
				CLANG_WARN__DUPLICATE_METHOD_MATCH = YES;
				"CODE_SIGN_IDENTITY[sdk=iphoneos*]" = "iPhone Developer";
				COPY_PHASE_STRIP = NO;
				DEBUG_INFORMATION_FORMAT = "dwarf-with-dsym";
				ENABLE_NS_ASSERTIONS = NO;
				ENABLE_STRICT_OBJC_MSGSEND = YES;
				GCC_C_LANGUAGE_STANDARD = gnu99;
				GCC_NO_COMMON_BLOCKS = YES;
				GCC_WARN_64_TO_32_BIT_CONVERSION = YES;
				GCC_WARN_ABOUT_RETURN_TYPE = YES_ERROR;
				GCC_WARN_UNDECLARED_SELECTOR = YES;
				GCC_WARN_UNINITIALIZED_AUTOS = YES_AGGRESSIVE;
				GCC_WARN_UNUSED_FUNCTION = YES;
				GCC_WARN_UNUSED_VARIABLE = YES;
				IPHONEOS_DEPLOYMENT_TARGET = 9.3;
				MTL_ENABLE_DEBUG_INFO = NO;
				SDKROOT = iphoneos;
				TARGETED_DEVICE_FAMILY = "1,2";
				VALIDATE_PRODUCT = YES;
			};
			name = Release;
		};
		476237B21D48D2A200F3F336 /* Debug */ = {
			isa = XCBuildConfiguration;
			buildSettings = {
				ASSETCATALOG_COMPILER_APPICON_NAME = AppIcon;
				INFOPLIST_FILE = AudioPlayer/Info.plist;
				LD_RUNPATH_SEARCH_PATHS = "$(inherited) @executable_path/Frameworks";
				PRODUCT_BUNDLE_IDENTIFIER = com.zerdzhong.AudioPlayer;
				PRODUCT_NAME = "$(TARGET_NAME)";
			};
			name = Debug;
		};
		476237B31D48D2A200F3F336 /* Release */ = {
			isa = XCBuildConfiguration;
			buildSettings = {
				ASSETCATALOG_COMPILER_APPICON_NAME = AppIcon;
				INFOPLIST_FILE = AudioPlayer/Info.plist;
				LD_RUNPATH_SEARCH_PATHS = "$(inherited) @executable_path/Frameworks";
				PRODUCT_BUNDLE_IDENTIFIER = com.zerdzhong.AudioPlayer;
				PRODUCT_NAME = "$(TARGET_NAME)";
			};
			name = Release;
		};
/* End XCBuildConfiguration section */

/* Begin XCConfigurationList section */
		4762379A1D48D2A200F3F336 /* Build configuration list for PBXProject "AudioPlayer" */ = {
			isa = XCConfigurationList;
			buildConfigurations = (
				476237AF1D48D2A200F3F336 /* Debug */,
				476237B01D48D2A200F3F336 /* Release */,
			);
			defaultConfigurationIsVisible = 0;
			defaultConfigurationName = Release;
		};
		476237B11D48D2A200F3F336 /* Build configuration list for PBXNativeTarget "AudioPlayer" */ = {
			isa = XCConfigurationList;
			buildConfigurations = (
				476237B21D48D2A200F3F336 /* Debug */,
				476237B31D48D2A200F3F336 /* Release */,
			);
			defaultConfigurationIsVisible = 0;
		};
/* End XCConfigurationList section */
	};
	rootObject = 476237971D48D2A200F3F336 /* Project object */;
}
